
Microsoft Visual Studio Solution File, Format Version 12.00
# Visual Studio 15
VisualStudioVersion = 15.0.28307.645
MinimumVisualStudioVersion = 10.0.40219.1
Project("{FAE04EC0-301F-11D3-BF4B-00C04F79EFBC}") = "MSMS-GIT", "MSMS-GIT\MSMS-GIT.csproj", "{0B2709B8-BD97-4AA6-987F-787BE6D9DBAF}"
EndProject
Global
	GlobalSection(SolutionConfigurationPlatforms) = preSolution
		Debug|Any CPU = Debug|Any CPU
		Release|Any CPU = Release|Any CPU
	EndGlobalSection
	GlobalSection(ProjectConfigurationPlatforms) = postSolution
		{0B2709B8-BD97-4AA6-987F-787BE6D9DBAF}.Debug|Any CPU.ActiveCfg = Debug|Any CPU
		{0B2709B8-BD97-4AA6-987F-787BE6D9DBAF}.Debug|Any CPU.Build.0 = Debug|Any CPU
		{0B2709B8-BD97-4AA6-987F-787BE6D9DBAF}.Release|Any CPU.ActiveCfg = Release|Any CPU
		{0B2709B8-BD97-4AA6-987F-787BE6D9DBAF}.Release|Any CPU.Build.0 = Release|Any CPU
	EndGlobalSection
	GlobalSection(SolutionProperties) = preSolution
		HideSolutionNode = FALSE
	EndGlobalSection
	GlobalSection(ExtensibilityGlobals) = postSolution
		SolutionGuid = {2856E56B-224D-4551-8712-76F451A2A8AC}
	EndGlobalSection
EndGlobal
